// !$*UTF8*$!
{
	archiveVersion = 1;
	classes = {
	};
	objectVersion = 46;
	objects = {

/* Begin PBXBuildFile section */
		43F29C2D1D2CB48A000DE6F6 /* main.m in Sources */ = {isa = PBXBuildFile; fileRef = 43F29C2C1D2CB48A000DE6F6 /* main.m */; };
		43F29C301D2CB48A000DE6F6 /* AppDelegate.m in Sources */ = {isa = PBXBuildFile; fileRef = 43F29C2F1D2CB48A000DE6F6 /* AppDelegate.m */; };
		43F29C361D2CB48A000DE6F6 /* Main.storyboard in Resources */ = {isa = PBXBuildFile; fileRef = 43F29C341D2CB48A000DE6F6 /* Main.storyboard */; };
		43F29C381D2CB48A000DE6F6 /* Assets.xcassets in Resources */ = {isa = PBXBuildFile; fileRef = 43F29C371D2CB48A000DE6F6 /* Assets.xcassets */; };
		43F29C3B1D2CB48A000DE6F6 /* LaunchScreen.storyboard in Resources */ = {isa = PBXBuildFile; fileRef = 43F29C391D2CB48A000DE6F6 /* LaunchScreen.storyboard */; };
		43F29C481D2CB752000DE6F6 /* APLExpandableCollectionView.m in Sources */ = {isa = PBXBuildFile; fileRef = 43F29C431D2CB752000DE6F6 /* APLExpandableCollectionView.m */; };
		43F29C491D2CB752000DE6F6 /* APLExpandableSectionFlowLayout.m in Sources */ = {isa = PBXBuildFile; fileRef = 43F29C451D2CB752000DE6F6 /* APLExpandableSectionFlowLayout.m */; };
		43F29C4A1D2CB752000DE6F6 /* APLSectionTopToBottomFlowLayout.m in Sources */ = {isa = PBXBuildFile; fileRef = 43F29C471D2CB752000DE6F6 /* APLSectionTopToBottomFlowLayout.m */; };
		43F29C4D1D2CB82D000DE6F6 /* CollectionViewCell.m in Sources */ = {isa = PBXBuildFile; fileRef = 43F29C4C1D2CB82D000DE6F6 /* CollectionViewCell.m */; };
		43F29C501D2CB844000DE6F6 /* CollectionViewController.m in Sources */ = {isa = PBXBuildFile; fileRef = 43F29C4F1D2CB844000DE6F6 /* CollectionViewController.m */; };
/* End PBXBuildFile section */

/* Begin PBXFileReference section */
		43F29C281D2CB489000DE6F6 /* testCollectiveView.app */ = {isa = PBXFileReference; explicitFileType = wrapper.application; includeInIndex = 0; path = testCollectiveView.app; sourceTree = BUILT_PRODUCTS_DIR; };
		43F29C2C1D2CB48A000DE6F6 /* main.m */ = {isa = PBXFileReference; lastKnownFileType = sourcecode.c.objc; path = main.m; sourceTree = "<group>"; };
		43F29C2E1D2CB48A000DE6F6 /* AppDelegate.h */ = {isa = PBXFileReference; lastKnownFileType = sourcecode.c.h; path = AppDelegate.h; sourceTree = "<group>"; };
		43F29C2F1D2CB48A000DE6F6 /* AppDelegate.m */ = {isa = PBXFileReference; lastKnownFileType = sourcecode.c.objc; path = AppDelegate.m; sourceTree = "<group>"; };
		43F29C351D2CB48A000DE6F6 /* Base */ = {isa = PBXFileReference; lastKnownFileType = file.storyboard; name = Base; path = Base.lproj/Main.storyboard; sourceTree = "<group>"; };
		43F29C371D2CB48A000DE6F6 /* Assets.xcassets */ = {isa = PBXFileReference; lastKnownFileType = folder.assetcatalog; path = Assets.xcassets; sourceTree = "<group>"; };
		43F29C3A1D2CB48A000DE6F6 /* Base */ = {isa = PBXFileReference; lastKnownFileType = file.storyboard; name = Base; path = Base.lproj/LaunchScreen.storyboard; sourceTree = "<group>"; };
		43F29C3C1D2CB48A000DE6F6 /* Info.plist */ = {isa = PBXFileReference; lastKnownFileType = text.plist.xml; path = Info.plist; sourceTree = "<group>"; };
		43F29C421D2CB752000DE6F6 /* APLExpandableCollectionView.h */ = {isa = PBXFileReference; fileEncoding = 4; lastKnownFileType = sourcecode.c.h; path = APLExpandableCollectionView.h; sourceTree = "<group>"; };
		43F29C431D2CB752000DE6F6 /* APLExpandableCollectionView.m */ = {isa = PBXFileReference; fileEncoding = 4; lastKnownFileType = sourcecode.c.objc; path = APLExpandableCollectionView.m; sourceTree = "<group>"; };
		43F29C441D2CB752000DE6F6 /* APLExpandableSectionFlowLayout.h */ = {isa = PBXFileReference; fileEncoding = 4; lastKnownFileType = sourcecode.c.h; path = APLExpandableSectionFlowLayout.h; sourceTree = "<group>"; };
		43F29C451D2CB752000DE6F6 /* APLExpandableSectionFlowLayout.m */ = {isa = PBXFileReference; fileEncoding = 4; lastKnownFileType = sourcecode.c.objc; path = APLExpandableSectionFlowLayout.m; sourceTree = "<group>"; };
		43F29C461D2CB752000DE6F6 /* APLSectionTopToBottomFlowLayout.h */ = {isa = PBXFileReference; fileEncoding = 4; lastKnownFileType = sourcecode.c.h; path = APLSectionTopToBottomFlowLayout.h; sourceTree = "<group>"; };
		43F29C471D2CB752000DE6F6 /* APLSectionTopToBottomFlowLayout.m */ = {isa = PBXFileReference; fileEncoding = 4; lastKnownFileType = sourcecode.c.objc; path = APLSectionTopToBottomFlowLayout.m; sourceTree = "<group>"; };
		43F29C4B1D2CB82D000DE6F6 /* CollectionViewCell.h */ = {isa = PBXFileReference; fileEncoding = 4; lastKnownFileType = sourcecode.c.h; name = CollectionViewCell.h; path = ../CollectionViewCell.h; sourceTree = "<group>"; };
		43F29C4C1D2CB82D000DE6F6 /* CollectionViewCell.m */ = {isa = PBXFileReference; fileEncoding = 4; lastKnownFileType = sourcecode.c.objc; name = CollectionViewCell.m; path = ../CollectionViewCell.m; sourceTree = "<group>"; };
		43F29C4E1D2CB844000DE6F6 /* CollectionViewController.h */ = {isa = PBXFileReference; fileEncoding = 4; lastKnownFileType = sourcecode.c.h; path = CollectionViewController.h; sourceTree = "<group>"; };
		43F29C4F1D2CB844000DE6F6 /* CollectionViewController.m */ = {isa = PBXFileReference; fileEncoding = 4; lastKnownFileType = sourcecode.c.objc; path = CollectionViewController.m; sourceTree = "<group>"; };
/* End PBXFileReference section */

/* Begin PBXFrameworksBuildPhase section */
		43F29C251D2CB489000DE6F6 /* Frameworks */ = {
			isa = PBXFrameworksBuildPhase;
			buildActionMask = 2147483647;
			files = (
			);
			runOnlyForDeploymentPostprocessing = 0;
		};
/* End PBXFrameworksBuildPhase section */

/* Begin PBXGroup section */
		43F29C1F1D2CB489000DE6F6 = {
			isa = PBXGroup;
			children = (
				43F29C2A1D2CB48A000DE6F6 /* testCollectiveView */,
				43F29C291D2CB489000DE6F6 /* Products */,
			);
			sourceTree = "<group>";
		};
		43F29C291D2CB489000DE6F6 /* Products */ = {
			isa = PBXGroup;
			children = (
				43F29C281D2CB489000DE6F6 /* testCollectiveView.app */,
			);
			name = Products;
			sourceTree = "<group>";
		};
		43F29C2A1D2CB48A000DE6F6 /* testCollectiveView */ = {
			isa = PBXGroup;
			children = (
				43F29C421D2CB752000DE6F6 /* APLExpandableCollectionView.h */,
				43F29C431D2CB752000DE6F6 /* APLExpandableCollectionView.m */,
				43F29C441D2CB752000DE6F6 /* APLExpandableSectionFlowLayout.h */,
				43F29C451D2CB752000DE6F6 /* APLExpandableSectionFlowLayout.m */,
				43F29C461D2CB752000DE6F6 /* APLSectionTopToBottomFlowLayout.h */,
				43F29C471D2CB752000DE6F6 /* APLSectionTopToBottomFlowLayout.m */,
				43F29C2E1D2CB48A000DE6F6 /* AppDelegate.h */,
				43F29C2F1D2CB48A000DE6F6 /* AppDelegate.m */,
				43F29C4B1D2CB82D000DE6F6 /* CollectionViewCell.h */,
				43F29C4C1D2CB82D000DE6F6 /* CollectionViewCell.m */,
				43F29C4E1D2CB844000DE6F6 /* CollectionViewController.h */,
				43F29C4F1D2CB844000DE6F6 /* CollectionViewController.m */,
				43F29C341D2CB48A000DE6F6 /* Main.storyboard */,
				43F29C371D2CB48A000DE6F6 /* Assets.xcassets */,
				43F29C391D2CB48A000DE6F6 /* LaunchScreen.storyboard */,
				43F29C3C1D2CB48A000DE6F6 /* Info.plist */,
				43F29C2B1D2CB48A000DE6F6 /* Supporting Files */,
			);
			path = testCollectiveView;
			sourceTree = "<group>";
		};
		43F29C2B1D2CB48A000DE6F6 /* Supporting Files */ = {
			isa = PBXGroup;
			children = (
				43F29C2C1D2CB48A000DE6F6 /* main.m */,
			);
			name = "Supporting Files";
			sourceTree = "<group>";
		};
/* End PBXGroup section */

/* Begin PBXNativeTarget section */
		43F29C271D2CB489000DE6F6 /* testCollectiveView */ = {
			isa = PBXNativeTarget;
			buildConfigurationList = 43F29C3F1D2CB48A000DE6F6 /* Build configuration list for PBXNativeTarget "testCollectiveView" */;
			buildPhases = (
				43F29C241D2CB489000DE6F6 /* Sources */,
				43F29C251D2CB489000DE6F6 /* Frameworks */,
				43F29C261D2CB489000DE6F6 /* Resources */,
			);
			buildRules = (
			);
			dependencies = (
			);
			name = testCollectiveView;
			productName = testCollectiveView;
			productReference = 43F29C281D2CB489000DE6F6 /* testCollectiveView.app */;
			productType = "com.apple.product-type.application";
		};
/* End PBXNativeTarget section */

/* Begin PBXProject section */
		43F29C201D2CB489000DE6F6 /* Project object */ = {
			isa = PBXProject;
			attributes = {
				LastUpgradeCheck = 0730;
				ORGANIZATIONNAME = "Revo Tech";
				TargetAttributes = {
					43F29C271D2CB489000DE6F6 = {
						CreatedOnToolsVersion = 7.3;
					};
				};
			};
			buildConfigurationList = 43F29C231D2CB489000DE6F6 /* Build configuration list for PBXProject "testCollectiveView" */;
			compatibilityVersion = "Xcode 3.2";
			developmentRegion = English;
			hasScannedForEncodings = 0;
			knownRegions = (
				en,
				Base,
			);
			mainGroup = 43F29C1F1D2CB489000DE6F6;
			productRefGroup = 43F29C291D2CB489000DE6F6 /* Products */;
			projectDirPath = "";
			projectRoot = "";
			targets = (
				43F29C271D2CB489000DE6F6 /* testCollectiveView */,
			);
		};
/* End PBXProject section */

/* Begin PBXResourcesBuildPhase section */
		43F29C261D2CB489000DE6F6 /* Resources */ = {
			isa = PBXResourcesBuildPhase;
			buildActionMask = 2147483647;
			files = (
				43F29C3B1D2CB48A000DE6F6 /* LaunchScreen.storyboard in Resources */,
				43F29C381D2CB48A000DE6F6 /* Assets.xcassets in Resources */,
				43F29C361D2CB48A000DE6F6 /* Main.storyboard in Resources */,
			);
			runOnlyForDeploymentPostprocessing = 0;
		};
/* End PBXResourcesBuildPhase section */

/* Begin PBXSourcesBuildPhase section */
		43F29C241D2CB489000DE6F6 /* Sources */ = {
			isa = PBXSourcesBuildPhase;
			buildActionMask = 2147483647;
			files = (
				43F29C4D1D2CB82D000DE6F6 /* CollectionViewCell.m in Sources */,
				43F29C501D2CB844000DE6F6 /* CollectionViewController.m in Sources */,
				43F29C481D2CB752000DE6F6 /* APLExpandableCollectionView.m in Sources */,
				43F29C491D2CB752000DE6F6 /* APLExpandableSectionFlowLayout.m in Sources */,
				43F29C301D2CB48A000DE6F6 /* AppDelegate.m in Sources */,
				43F29C2D1D2CB48A000DE6F6 /* main.m in Sources */,
				43F29C4A1D2CB752000DE6F6 /* APLSectionTopToBottomFlowLayout.m in Sources */,
			);
			runOnlyForDeploymentPostprocessing = 0;
		};
/* End PBXSourcesBuildPhase section */

/* Begin PBXVariantGroup section */
		43F29C341D2CB48A000DE6F6 /* Main.storyboard */ = {
			isa = PBXVariantGroup;
			children = (
				43F29C351D2CB48A000DE6F6 /* Base */,
			);
			name = Main.storyboard;
			sourceTree = "<group>";
		};
		43F29C391D2CB48A000DE6F6 /* LaunchScreen.storyboard */ = {
			isa = PBXVariantGroup;
			children = (
				43F29C3A1D2CB48A000DE6F6 /* Base */,
			);
			name = LaunchScreen.storyboard;
			sourceTree = "<group>";
		};
/* End PBXVariantGroup section */

/* Begin XCBuildConfiguration section */
		43F29C3D1D2CB48A000DE6F6 /* Debug */ = {
			isa = XCBuildConfiguration;
			buildSettings = {
				ALWAYS_SEARCH_USER_PATHS = NO;
				CLANG_ANALYZER_NONNULL = YES;
				CLANG_CXX_LANGUAGE_STANDARD = "gnu++0x";
				CLANG_CXX_LIBRARY = "libc++";
				CLANG_ENABLE_MODULES = YES;
				CLANG_ENABLE_OBJC_ARC = YES;
				CLANG_WARN_BOOL_CONVERSION = YES;
				CLANG_WARN_CONSTANT_CONVERSION = YES;
				CLANG_WARN_DIRECT_OBJC_ISA_USAGE = YES_ERROR;
				CLANG_WARN_EMPTY_BODY = YES;
				CLANG_WARN_ENUM_CONVERSION = YES;
				CLANG_WARN_INT_CONVERSION = YES;
				CLANG_WARN_OBJC_ROOT_CLASS = YES_ERROR;
				CLANG_WARN_UNREACHABLE_CODE = YES;
				CLANG_WARN__DUPLICATE_METHOD_MATCH = YES;
				"CODE_SIGN_IDENTITY[sdk=iphoneos*]" = "iPhone Developer";
				COPY_PHASE_STRIP = NO;
				DEBUG_INFORMATION_FORMAT = dwarf;
				ENABLE_STRICT_OBJC_MSGSEND = YES;
				ENABLE_TESTABILITY = YES;
				GCC_C_LANGUAGE_STANDARD = gnu99;
				GCC_DYNAMIC_NO_PIC = NO;
				GCC_NO_COMMON_BLOCKS = YES;
				GCC_OPTIMIZATION_LEVEL = 0;
				GCC_PREPROCESSOR_DEFINITIONS = (
					"DEBUG=1",
					"$(inherited)",
				);
				GCC_WARN_64_TO_32_BIT_CONVERSION = YES;
				GCC_WARN_ABOUT_RETURN_TYPE = YES_ERROR;
				GCC_WARN_UNDECLARED_SELECTOR = YES;
				GCC_WARN_UNINITIALIZED_AUTOS = YES_AGGRESSIVE;
				GCC_WARN_UNUSED_FUNCTION = YES;
				GCC_WARN_UNUSED_VARIABLE = YES;
				IPHONEOS_DEPLOYMENT_TARGET = 9.3;
				MTL_ENABLE_DEBUG_INFO = YES;
				ONLY_ACTIVE_ARCH = YES;
				SDKROOT = iphoneos;
				TARGETED_DEVICE_FAMILY = "1,2";
			};
			name = Debug;
		};
		43F29C3E1D2CB48A000DE6F6 /* Release */ = {
			isa = XCBuildConfiguration;
			buildSettings = {
				ALWAYS_SEARCH_USER_PATHS = NO;
				CLANG_ANALYZER_NONNULL = YES;
				CLANG_CXX_LANGUAGE_STANDARD = "gnu++0x";
				CLANG_CXX_LIBRARY = "libc++";
				CLANG_ENABLE_MODULES = YES;
				CLANG_ENABLE_OBJC_ARC = YES;
				CLANG_WARN_BOOL_CONVERSION = YES;
				CLANG_WARN_CONSTANT_CONVERSION = YES;
				CLANG_WARN_DIRECT_OBJC_ISA_USAGE = YES_ERROR;
				CLANG_WARN_EMPTY_BODY = YES;
				CLANG_WARN_ENUM_CONVERSION = YES;
				CLANG_WARN_INT_CONVERSION = YES;
				CLANG_WARN_OBJC_ROOT_CLASS = YES_ERROR;
				CLANG_WARN_UNREACHABLE_CODE = YES;
				CLANG_WARN__DUPLICATE_METHOD_MATCH = YES;
				"CODE_SIGN_IDENTITY[sdk=iphoneos*]" = "iPhone Developer";
				COPY_PHASE_STRIP = NO;
				DEBUG_INFORMATION_FORMAT = "dwarf-with-dsym";
				ENABLE_NS_ASSERTIONS = NO;
				ENABLE_STRICT_OBJC_MSGSEND = YES;
				GCC_C_LANGUAGE_STANDARD = gnu99;
				GCC_NO_COMMON_BLOCKS = YES;
				GCC_WARN_64_TO_32_BIT_CONVERSION = YES;
				GCC_WARN_ABOUT_RETURN_TYPE = YES_ERROR;
				GCC_WARN_UNDECLARED_SELECTOR = YES;
				GCC_WARN_UNINITIALIZED_AUTOS = YES_AGGRESSIVE;
				GCC_WARN_UNUSED_FUNCTION = YES;
				GCC_WARN_UNUSED_VARIABLE = YES;
				IPHONEOS_DEPLOYMENT_TARGET = 9.3;
				MTL_ENABLE_DEBUG_INFO = NO;
				SDKROOT = iphoneos;
				TARGETED_DEVICE_FAMILY = "1,2";
				VALIDATE_PRODUCT = YES;
			};
			name = Release;
		};
		43F29C401D2CB48A000DE6F6 /* Debug */ = {
			isa = XCBuildConfiguration;
			buildSettings = {
				ASSETCATALOG_COMPILER_APPICON_NAME = AppIcon;
				INFOPLIST_FILE = testCollectiveView/Info.plist;
				LD_RUNPATH_SEARCH_PATHS = "$(inherited) @executable_path/Frameworks";
				PRODUCT_BUNDLE_IDENTIFIER = com.revotech.testCollectiveView;
				PRODUCT_NAME = "$(TARGET_NAME)";
			};
			name = Debug;
		};
		43F29C411D2CB48A000DE6F6 /* Release */ = {
			isa = XCBuildConfiguration;
			buildSettings = {
				ASSETCATALOG_COMPILER_APPICON_NAME = AppIcon;
				INFOPLIST_FILE = testCollectiveView/Info.plist;
				LD_RUNPATH_SEARCH_PATHS = "$(inherited) @executable_path/Frameworks";
				PRODUCT_BUNDLE_IDENTIFIER = com.revotech.testCollectiveView;
				PRODUCT_NAME = "$(TARGET_NAME)";
			};
			name = Release;
		};
/* End XCBuildConfiguration section */

/* Begin XCConfigurationList section */
		43F29C231D2CB489000DE6F6 /* Build configuration list for PBXProject "testCollectiveView" */ = {
			isa = XCConfigurationList;
			buildConfigurations = (
				43F29C3D1D2CB48A000DE6F6 /* Debug */,
				43F29C3E1D2CB48A000DE6F6 /* Release */,
			);
			defaultConfigurationIsVisible = 0;
			defaultConfigurationName = Release;
		};
		43F29C3F1D2CB48A000DE6F6 /* Build configuration list for PBXNativeTarget "testCollectiveView" */ = {
			isa = XCConfigurationList;
			buildConfigurations = (
				43F29C401D2CB48A000DE6F6 /* Debug */,
				43F29C411D2CB48A000DE6F6 /* Release */,
			);
			defaultConfigurationIsVisible = 0;
		};
/* End XCConfigurationList section */
	};
	rootObject = 43F29C201D2CB489000DE6F6 /* Project object */;
}
